
Microsoft Visual Studio Solution File, Format Version 12.00
# Visual Studio 2012
Project("{FAE04EC0-301F-11D3-BF4B-00C04F79EFBC}") = "1024", "1024\1024.csproj", "{15654324-74CC-4173-AE94-FBC5D4FAB3B9}"
EndProject
Global
	GlobalSection(SolutionConfigurationPlatforms) = preSolution
		Debug|Any CPU = Debug|Any CPU
		Release|Any CPU = Release|Any CPU
	EndGlobalSection
	GlobalSection(ProjectConfigurationPlatforms) = postSolution
		{15654324-74CC-4173-AE94-FBC5D4FAB3B9}.Debug|Any CPU.ActiveCfg = Debug|Any CPU
		{15654324-74CC-4173-AE94-FBC5D4FAB3B9}.Debug|Any CPU.Build.0 = Debug|Any CPU
		{15654324-74CC-4173-AE94-FBC5D4FAB3B9}.Release|Any CPU.ActiveCfg = Release|Any CPU
		{15654324-74CC-4173-AE94-FBC5D4FAB3B9}.Release|Any CPU.Build.0 = Release|Any CPU
	EndGlobalSection
	GlobalSection(SolutionProperties) = preSolution
		HideSolutionNode = FALSE
	EndGlobalSection
EndGlobal
